
Microsoft Visual Studio Solution File, Format Version 12.00
# Visual Studio 15
VisualStudioVersion = 15.0.28307.1267
MinimumVisualStudioVersion = 10.0.40219.1
Project("{8BC9CEB8-8B4A-11D0-8D11-00A0C91BC942}") = "udpServer", "udpServer\udpServer.vcxproj", "{A5102217-DADB-47D5-B9D4-53F06F6D1386}"
EndProject
Global
	GlobalSection(SolutionConfigurationPlatforms) = preSolution
		Debug|x64 = Debug|x64
		Debug|x86 = Debug|x86
		Release|x64 = Release|x64
		Release|x86 = Release|x86
	EndGlobalSection
	GlobalSection(ProjectConfigurationPlatforms) = postSolution
		{A5102217-DADB-47D5-B9D4-53F06F6D1386}.Debug|x64.ActiveCfg = Debug|x64
		{A5102217-DADB-47D5-B9D4-53F06F6D1386}.Debug|x64.Build.0 = Debug|x64
		{A5102217-DADB-47D5-B9D4-53F06F6D1386}.Debug|x86.ActiveCfg = Debug|Win32
		{A5102217-DADB-47D5-B9D4-53F06F6D1386}.Debug|x86.Build.0 = Debug|Win32
		{A5102217-DADB-47D5-B9D4-53F06F6D1386}.Release|x64.ActiveCfg = Release|x64
		{A5102217-DADB-47D5-B9D4-53F06F6D1386}.Release|x64.Build.0 = Release|x64
		{A5102217-DADB-47D5-B9D4-53F06F6D1386}.Release|x86.ActiveCfg = Release|Win32
		{A5102217-DADB-47D5-B9D4-53F06F6D1386}.Release|x86.Build.0 = Release|Win32
	EndGlobalSection
	GlobalSection(SolutionProperties) = preSolution
		HideSolutionNode = FALSE
	EndGlobalSection
	GlobalSection(ExtensibilityGlobals) = postSolution
		SolutionGuid = {FD37B2A2-EDFA-4271-AD6F-01EB760E881B}
	EndGlobalSection
EndGlobal
